// !$*UTF8*$!
{
	archiveVersion = 1;
	classes = {
	};
	objectVersion = 48;
	objects = {

/* Begin PBXBuildFile section */
		456A4FE51FBD413000D5678C /* AppDelegate.swift in Sources */ = {isa = PBXBuildFile; fileRef = 456A4FE41FBD413000D5678C /* AppDelegate.swift */; };
		456A4FE71FBD413000D5678C /* MealViewController.swift in Sources */ = {isa = PBXBuildFile; fileRef = 456A4FE61FBD413000D5678C /* MealViewController.swift */; };
		456A4FEA1FBD413000D5678C /* Main.storyboard in Resources */ = {isa = PBXBuildFile; fileRef = 456A4FE81FBD413000D5678C /* Main.storyboard */; };
		456A4FEC1FBD413000D5678C /* Assets.xcassets in Resources */ = {isa = PBXBuildFile; fileRef = 456A4FEB1FBD413000D5678C /* Assets.xcassets */; };
		456A4FEF1FBD413000D5678C /* LaunchScreen.storyboard in Resources */ = {isa = PBXBuildFile; fileRef = 456A4FED1FBD413000D5678C /* LaunchScreen.storyboard */; };
		456A4FFA1FBD413000D5678C /* FoodTrackerTests.swift in Sources */ = {isa = PBXBuildFile; fileRef = 456A4FF91FBD413000D5678C /* FoodTrackerTests.swift */; };
		456A50051FBD745F00D5678C /* Meal.swift in Sources */ = {isa = PBXBuildFile; fileRef = 456A50041FBD745F00D5678C /* Meal.swift */; };
		456A50071FBD78A700D5678C /* RatingControl.swift in Sources */ = {isa = PBXBuildFile; fileRef = 456A50061FBD78A700D5678C /* RatingControl.swift */; };
		456A50091FBE69C800D5678C /* MealTableViewCell.swift in Sources */ = {isa = PBXBuildFile; fileRef = 456A50081FBE69C800D5678C /* MealTableViewCell.swift */; };
		456A500B1FBE6E7C00D5678C /* MealTableViewController.swift in Sources */ = {isa = PBXBuildFile; fileRef = 456A500A1FBE6E7C00D5678C /* MealTableViewController.swift */; };
/* End PBXBuildFile section */

/* Begin PBXContainerItemProxy section */
		456A4FF61FBD413000D5678C /* PBXContainerItemProxy */ = {
			isa = PBXContainerItemProxy;
			containerPortal = 456A4FD91FBD413000D5678C /* Project object */;
			proxyType = 1;
			remoteGlobalIDString = 456A4FE01FBD413000D5678C;
			remoteInfo = FoodTracker;
		};
/* End PBXContainerItemProxy section */

/* Begin PBXFileReference section */
		456A4FE11FBD413000D5678C /* FoodTracker.app */ = {isa = PBXFileReference; explicitFileType = wrapper.application; includeInIndex = 0; path = FoodTracker.app; sourceTree = BUILT_PRODUCTS_DIR; };
		456A4FE41FBD413000D5678C /* AppDelegate.swift */ = {isa = PBXFileReference; lastKnownFileType = sourcecode.swift; path = AppDelegate.swift; sourceTree = "<group>"; };
		456A4FE61FBD413000D5678C /* MealViewController.swift */ = {isa = PBXFileReference; lastKnownFileType = sourcecode.swift; path = MealViewController.swift; sourceTree = "<group>"; };
		456A4FE91FBD413000D5678C /* Base */ = {isa = PBXFileReference; lastKnownFileType = file.storyboard; name = Base; path = Base.lproj/Main.storyboard; sourceTree = "<group>"; };
		456A4FEB1FBD413000D5678C /* Assets.xcassets */ = {isa = PBXFileReference; lastKnownFileType = folder.assetcatalog; path = Assets.xcassets; sourceTree = "<group>"; };
		456A4FEE1FBD413000D5678C /* Base */ = {isa = PBXFileReference; lastKnownFileType = file.storyboard; name = Base; path = Base.lproj/LaunchScreen.storyboard; sourceTree = "<group>"; };
		456A4FF01FBD413000D5678C /* Info.plist */ = {isa = PBXFileReference; lastKnownFileType = text.plist.xml; path = Info.plist; sourceTree = "<group>"; };
		456A4FF51FBD413000D5678C /* FoodTrackerTests.xctest */ = {isa = PBXFileReference; explicitFileType = wrapper.cfbundle; includeInIndex = 0; path = FoodTrackerTests.xctest; sourceTree = BUILT_PRODUCTS_DIR; };
		456A4FF91FBD413000D5678C /* FoodTrackerTests.swift */ = {isa = PBXFileReference; lastKnownFileType = sourcecode.swift; path = FoodTrackerTests.swift; sourceTree = "<group>"; };
		456A4FFB1FBD413000D5678C /* Info.plist */ = {isa = PBXFileReference; lastKnownFileType = text.plist.xml; path = Info.plist; sourceTree = "<group>"; };
		456A50041FBD745F00D5678C /* Meal.swift */ = {isa = PBXFileReference; lastKnownFileType = sourcecode.swift; path = Meal.swift; sourceTree = "<group>"; };
		456A50061FBD78A700D5678C /* RatingControl.swift */ = {isa = PBXFileReference; lastKnownFileType = sourcecode.swift; path = RatingControl.swift; sourceTree = "<group>"; };
		456A50081FBE69C800D5678C /* MealTableViewCell.swift */ = {isa = PBXFileReference; lastKnownFileType = sourcecode.swift; path = MealTableViewCell.swift; sourceTree = "<group>"; };
		456A500A1FBE6E7C00D5678C /* MealTableViewController.swift */ = {isa = PBXFileReference; lastKnownFileType = sourcecode.swift; path = MealTableViewController.swift; sourceTree = "<group>"; };
/* End PBXFileReference section */

/* Begin PBXFrameworksBuildPhase section */
		456A4FDE1FBD413000D5678C /* Frameworks */ = {
			isa = PBXFrameworksBuildPhase;
			buildActionMask = 2147483647;
			files = (
			);
			runOnlyForDeploymentPostprocessing = 0;
		};
		456A4FF21FBD413000D5678C /* Frameworks */ = {
			isa = PBXFrameworksBuildPhase;
			buildActionMask = 2147483647;
			files = (
			);
			runOnlyForDeploymentPostprocessing = 0;
		};
/* End PBXFrameworksBuildPhase section */

/* Begin PBXGroup section */
		456A4FD81FBD413000D5678C = {
			isa = PBXGroup;
			children = (
				456A4FE31FBD413000D5678C /* FoodTracker */,
				456A4FF81FBD413000D5678C /* FoodTrackerTests */,
				456A4FE21FBD413000D5678C /* Products */,
			);
			sourceTree = "<group>";
		};
		456A4FE21FBD413000D5678C /* Products */ = {
			isa = PBXGroup;
			children = (
				456A4FE11FBD413000D5678C /* FoodTracker.app */,
				456A4FF51FBD413000D5678C /* FoodTrackerTests.xctest */,
			);
			name = Products;
			sourceTree = "<group>";
		};
		456A4FE31FBD413000D5678C /* FoodTracker */ = {
			isa = PBXGroup;
			children = (
				456A4FE41FBD413000D5678C /* AppDelegate.swift */,
				456A4FE61FBD413000D5678C /* MealViewController.swift */,
				456A50061FBD78A700D5678C /* RatingControl.swift */,
				456A50041FBD745F00D5678C /* Meal.swift */,
				456A4FE81FBD413000D5678C /* Main.storyboard */,
				456A50081FBE69C800D5678C /* MealTableViewCell.swift */,
				456A500A1FBE6E7C00D5678C /* MealTableViewController.swift */,
				456A4FEB1FBD413000D5678C /* Assets.xcassets */,
				456A4FED1FBD413000D5678C /* LaunchScreen.storyboard */,
				456A4FF01FBD413000D5678C /* Info.plist */,
			);
			path = FoodTracker;
			sourceTree = "<group>";
		};
		456A4FF81FBD413000D5678C /* FoodTrackerTests */ = {
			isa = PBXGroup;
			children = (
				456A4FF91FBD413000D5678C /* FoodTrackerTests.swift */,
				456A4FFB1FBD413000D5678C /* Info.plist */,
			);
			path = FoodTrackerTests;
			sourceTree = "<group>";
		};
/* End PBXGroup section */

/* Begin PBXNativeTarget section */
		456A4FE01FBD413000D5678C /* FoodTracker */ = {
			isa = PBXNativeTarget;
			buildConfigurationList = 456A4FFE1FBD413000D5678C /* Build configuration list for PBXNativeTarget "FoodTracker" */;
			buildPhases = (
				456A4FDD1FBD413000D5678C /* Sources */,
				456A4FDE1FBD413000D5678C /* Frameworks */,
				456A4FDF1FBD413000D5678C /* Resources */,
			);
			buildRules = (
			);
			dependencies = (
			);
			name = FoodTracker;
			productName = FoodTracker;
			productReference = 456A4FE11FBD413000D5678C /* FoodTracker.app */;
			productType = "com.apple.product-type.application";
		};
		456A4FF41FBD413000D5678C /* FoodTrackerTests */ = {
			isa = PBXNativeTarget;
			buildConfigurationList = 456A50011FBD413000D5678C /* Build configuration list for PBXNativeTarget "FoodTrackerTests" */;
			buildPhases = (
				456A4FF11FBD413000D5678C /* Sources */,
				456A4FF21FBD413000D5678C /* Frameworks */,
				456A4FF31FBD413000D5678C /* Resources */,
			);
			buildRules = (
			);
			dependencies = (
				456A4FF71FBD413000D5678C /* PBXTargetDependency */,
			);
			name = FoodTrackerTests;
			productName = FoodTrackerTests;
			productReference = 456A4FF51FBD413000D5678C /* FoodTrackerTests.xctest */;
			productType = "com.apple.product-type.bundle.unit-test";
		};
/* End PBXNativeTarget section */

/* Begin PBXProject section */
		456A4FD91FBD413000D5678C /* Project object */ = {
			isa = PBXProject;
			attributes = {
				LastSwiftUpdateCheck = 0910;
				LastUpgradeCheck = 0910;
				ORGANIZATIONNAME = JnJ;
				TargetAttributes = {
					456A4FE01FBD413000D5678C = {
						CreatedOnToolsVersion = 9.1;
						ProvisioningStyle = Automatic;
					};
					456A4FF41FBD413000D5678C = {
						CreatedOnToolsVersion = 9.1;
						ProvisioningStyle = Automatic;
						TestTargetID = 456A4FE01FBD413000D5678C;
					};
				};
			};
			buildConfigurationList = 456A4FDC1FBD413000D5678C /* Build configuration list for PBXProject "FoodTracker" */;
			compatibilityVersion = "Xcode 8.0";
			developmentRegion = en;
			hasScannedForEncodings = 0;
			knownRegions = (
				en,
				Base,
			);
			mainGroup = 456A4FD81FBD413000D5678C;
			productRefGroup = 456A4FE21FBD413000D5678C /* Products */;
			projectDirPath = "";
			projectRoot = "";
			targets = (
				456A4FE01FBD413000D5678C /* FoodTracker */,
				456A4FF41FBD413000D5678C /* FoodTrackerTests */,
			);
		};
/* End PBXProject section */

/* Begin PBXResourcesBuildPhase section */
		456A4FDF1FBD413000D5678C /* Resources */ = {
			isa = PBXResourcesBuildPhase;
			buildActionMask = 2147483647;
			files = (
				456A4FEF1FBD413000D5678C /* LaunchScreen.storyboard in Resources */,
				456A4FEC1FBD413000D5678C /* Assets.xcassets in Resources */,
				456A4FEA1FBD413000D5678C /* Main.storyboard in Resources */,
			);
			runOnlyForDeploymentPostprocessing = 0;
		};
		456A4FF31FBD413000D5678C /* Resources */ = {
			isa = PBXResourcesBuildPhase;
			buildActionMask = 2147483647;
			files = (
			);
			runOnlyForDeploymentPostprocessing = 0;
		};
/* End PBXResourcesBuildPhase section */

/* Begin PBXSourcesBuildPhase section */
		456A4FDD1FBD413000D5678C /* Sources */ = {
			isa = PBXSourcesBuildPhase;
			buildActionMask = 2147483647;
			files = (
				456A50071FBD78A700D5678C /* RatingControl.swift in Sources */,
				456A4FE71FBD413000D5678C /* MealViewController.swift in Sources */,
				456A50051FBD745F00D5678C /* Meal.swift in Sources */,
				456A4FE51FBD413000D5678C /* AppDelegate.swift in Sources */,
				456A500B1FBE6E7C00D5678C /* MealTableViewController.swift in Sources */,
				456A50091FBE69C800D5678C /* MealTableViewCell.swift in Sources */,
			);
			runOnlyForDeploymentPostprocessing = 0;
		};
		456A4FF11FBD413000D5678C /* Sources */ = {
			isa = PBXSourcesBuildPhase;
			buildActionMask = 2147483647;
			files = (
				456A4FFA1FBD413000D5678C /* FoodTrackerTests.swift in Sources */,
			);
			runOnlyForDeploymentPostprocessing = 0;
		};
/* End PBXSourcesBuildPhase section */

/* Begin PBXTargetDependency section */
		456A4FF71FBD413000D5678C /* PBXTargetDependency */ = {
			isa = PBXTargetDependency;
			target = 456A4FE01FBD413000D5678C /* FoodTracker */;
			targetProxy = 456A4FF61FBD413000D5678C /* PBXContainerItemProxy */;
		};
/* End PBXTargetDependency section */

/* Begin PBXVariantGroup section */
		456A4FE81FBD413000D5678C /* Main.storyboard */ = {
			isa = PBXVariantGroup;
			children = (
				456A4FE91FBD413000D5678C /* Base */,
			);
			name = Main.storyboard;
			sourceTree = "<group>";
		};
		456A4FED1FBD413000D5678C /* LaunchScreen.storyboard */ = {
			isa = PBXVariantGroup;
			children = (
				456A4FEE1FBD413000D5678C /* Base */,
			);
			name = LaunchScreen.storyboard;
			sourceTree = "<group>";
		};
/* End PBXVariantGroup section */

/* Begin XCBuildConfiguration section */
		456A4FFC1FBD413000D5678C /* Debug */ = {
			isa = XCBuildConfiguration;
			buildSettings = {
				ALWAYS_SEARCH_USER_PATHS = NO;
				CLANG_ANALYZER_NONNULL = YES;
				CLANG_ANALYZER_NUMBER_OBJECT_CONVERSION = YES_AGGRESSIVE;
				CLANG_CXX_LANGUAGE_STANDARD = "gnu++14";
				CLANG_CXX_LIBRARY = "libc++";
				CLANG_ENABLE_MODULES = YES;
				CLANG_ENABLE_OBJC_ARC = YES;
				CLANG_WARN_BLOCK_CAPTURE_AUTORELEASING = YES;
				CLANG_WARN_BOOL_CONVERSION = YES;
				CLANG_WARN_COMMA = YES;
				CLANG_WARN_CONSTANT_CONVERSION = YES;
				CLANG_WARN_DIRECT_OBJC_ISA_USAGE = YES_ERROR;
				CLANG_WARN_DOCUMENTATION_COMMENTS = YES;
				CLANG_WARN_EMPTY_BODY = YES;
				CLANG_WARN_ENUM_CONVERSION = YES;
				CLANG_WARN_INFINITE_RECURSION = YES;
				CLANG_WARN_INT_CONVERSION = YES;
				CLANG_WARN_NON_LITERAL_NULL_CONVERSION = YES;
				CLANG_WARN_OBJC_LITERAL_CONVERSION = YES;
				CLANG_WARN_OBJC_ROOT_CLASS = YES_ERROR;
				CLANG_WARN_RANGE_LOOP_ANALYSIS = YES;
				CLANG_WARN_STRICT_PROTOTYPES = YES;
				CLANG_WARN_SUSPICIOUS_MOVE = YES;
				CLANG_WARN_UNGUARDED_AVAILABILITY = YES_AGGRESSIVE;
				CLANG_WARN_UNREACHABLE_CODE = YES;
				CLANG_WARN__DUPLICATE_METHOD_MATCH = YES;
				CODE_SIGN_IDENTITY = "iPhone Developer";
				COPY_PHASE_STRIP = NO;
				DEBUG_INFORMATION_FORMAT = dwarf;
				ENABLE_STRICT_OBJC_MSGSEND = YES;
				ENABLE_TESTABILITY = YES;
				GCC_C_LANGUAGE_STANDARD = gnu11;
				GCC_DYNAMIC_NO_PIC = NO;
				GCC_NO_COMMON_BLOCKS = YES;
				GCC_OPTIMIZATION_LEVEL = 0;
				GCC_PREPROCESSOR_DEFINITIONS = (
					"DEBUG=1",
					"$(inherited)",
				);
				GCC_WARN_64_TO_32_BIT_CONVERSION = YES;
				GCC_WARN_ABOUT_RETURN_TYPE = YES_ERROR;
				GCC_WARN_UNDECLARED_SELECTOR = YES;
				GCC_WARN_UNINITIALIZED_AUTOS = YES_AGGRESSIVE;
				GCC_WARN_UNUSED_FUNCTION = YES;
				GCC_WARN_UNUSED_VARIABLE = YES;
				IPHONEOS_DEPLOYMENT_TARGET = 11.1;
				MTL_ENABLE_DEBUG_INFO = YES;
				ONLY_ACTIVE_ARCH = YES;
				SDKROOT = iphoneos;
				SWIFT_ACTIVE_COMPILATION_CONDITIONS = DEBUG;
				SWIFT_OPTIMIZATION_LEVEL = "-Onone";
			};
			name = Debug;
		};
		456A4FFD1FBD413000D5678C /* Release */ = {
			isa = XCBuildConfiguration;
			buildSettings = {
				ALWAYS_SEARCH_USER_PATHS = NO;
				CLANG_ANALYZER_NONNULL = YES;
				CLANG_ANALYZER_NUMBER_OBJECT_CONVERSION = YES_AGGRESSIVE;
				CLANG_CXX_LANGUAGE_STANDARD = "gnu++14";
				CLANG_CXX_LIBRARY = "libc++";
				CLANG_ENABLE_MODULES = YES;
				CLANG_ENABLE_OBJC_ARC = YES;
				CLANG_WARN_BLOCK_CAPTURE_AUTORELEASING = YES;
				CLANG_WARN_BOOL_CONVERSION = YES;
				CLANG_WARN_COMMA = YES;
				CLANG_WARN_CONSTANT_CONVERSION = YES;
				CLANG_WARN_DIRECT_OBJC_ISA_USAGE = YES_ERROR;
				CLANG_WARN_DOCUMENTATION_COMMENTS = YES;
				CLANG_WARN_EMPTY_BODY = YES;
				CLANG_WARN_ENUM_CONVERSION = YES;
				CLANG_WARN_INFINITE_RECURSION = YES;
				CLANG_WARN_INT_CONVERSION = YES;
				CLANG_WARN_NON_LITERAL_NULL_CONVERSION = YES;
				CLANG_WARN_OBJC_LITERAL_CONVERSION = YES;
				CLANG_WARN_OBJC_ROOT_CLASS = YES_ERROR;
				CLANG_WARN_RANGE_LOOP_ANALYSIS = YES;
				CLANG_WARN_STRICT_PROTOTYPES = YES;
				CLANG_WARN_SUSPICIOUS_MOVE = YES;
				CLANG_WARN_UNGUARDED_AVAILABILITY = YES_AGGRESSIVE;
				CLANG_WARN_UNREACHABLE_CODE = YES;
				CLANG_WARN__DUPLICATE_METHOD_MATCH = YES;
				CODE_SIGN_IDENTITY = "iPhone Developer";
				COPY_PHASE_STRIP = NO;
				DEBUG_INFORMATION_FORMAT = "dwarf-with-dsym";
				ENABLE_NS_ASSERTIONS = NO;
				ENABLE_STRICT_OBJC_MSGSEND = YES;
				GCC_C_LANGUAGE_STANDARD = gnu11;
				GCC_NO_COMMON_BLOCKS = YES;
				GCC_WARN_64_TO_32_BIT_CONVERSION = YES;
				GCC_WARN_ABOUT_RETURN_TYPE = YES_ERROR;
				GCC_WARN_UNDECLARED_SELECTOR = YES;
				GCC_WARN_UNINITIALIZED_AUTOS = YES_AGGRESSIVE;
				GCC_WARN_UNUSED_FUNCTION = YES;
				GCC_WARN_UNUSED_VARIABLE = YES;
				IPHONEOS_DEPLOYMENT_TARGET = 11.1;
				MTL_ENABLE_DEBUG_INFO = NO;
				SDKROOT = iphoneos;
				SWIFT_OPTIMIZATION_LEVEL = "-Owholemodule";
				VALIDATE_PRODUCT = YES;
			};
			name = Release;
		};
		456A4FFF1FBD413000D5678C /* Debug */ = {
			isa = XCBuildConfiguration;
			buildSettings = {
				ASSETCATALOG_COMPILER_APPICON_NAME = AppIcon;
				CODE_SIGN_STYLE = Automatic;
				INFOPLIST_FILE = FoodTracker/Info.plist;
				IPHONEOS_DEPLOYMENT_TARGET = 10.0;
				LD_RUNPATH_SEARCH_PATHS = "$(inherited) @executable_path/Frameworks";
				PRODUCT_BUNDLE_IDENTIFIER = com.example.FoodTracker;
				PRODUCT_NAME = "$(TARGET_NAME)";
				SWIFT_VERSION = 4.0;
				TARGETED_DEVICE_FAMILY = "1,2";
			};
			name = Debug;
		};
		456A50001FBD413000D5678C /* Release */ = {
			isa = XCBuildConfiguration;
			buildSettings = {
				ASSETCATALOG_COMPILER_APPICON_NAME = AppIcon;
				CODE_SIGN_STYLE = Automatic;
				INFOPLIST_FILE = FoodTracker/Info.plist;
				IPHONEOS_DEPLOYMENT_TARGET = 10.0;
				LD_RUNPATH_SEARCH_PATHS = "$(inherited) @executable_path/Frameworks";
				PRODUCT_BUNDLE_IDENTIFIER = com.example.FoodTracker;
				PRODUCT_NAME = "$(TARGET_NAME)";
				SWIFT_VERSION = 4.0;
				TARGETED_DEVICE_FAMILY = "1,2";
			};
			name = Release;
		};
		456A50021FBD413000D5678C /* Debug */ = {
			isa = XCBuildConfiguration;
			buildSettings = {
				ALWAYS_EMBED_SWIFT_STANDARD_LIBRARIES = YES;
				BUNDLE_LOADER = "$(TEST_HOST)";
				CODE_SIGN_STYLE = Automatic;
				INFOPLIST_FILE = FoodTrackerTests/Info.plist;
				LD_RUNPATH_SEARCH_PATHS = "$(inherited) @executable_path/Frameworks @loader_path/Frameworks";
				PRODUCT_BUNDLE_IDENTIFIER = com.example.FoodTrackerTests;
				PRODUCT_NAME = "$(TARGET_NAME)";
				SWIFT_VERSION = 4.0;
				TARGETED_DEVICE_FAMILY = "1,2";
				TEST_HOST = "$(BUILT_PRODUCTS_DIR)/FoodTracker.app/FoodTracker";
			};
			name = Debug;
		};
		456A50031FBD413000D5678C /* Release */ = {
			isa = XCBuildConfiguration;
			buildSettings = {
				ALWAYS_EMBED_SWIFT_STANDARD_LIBRARIES = YES;
				BUNDLE_LOADER = "$(TEST_HOST)";
				CODE_SIGN_STYLE = Automatic;
				INFOPLIST_FILE = FoodTrackerTests/Info.plist;
				LD_RUNPATH_SEARCH_PATHS = "$(inherited) @executable_path/Frameworks @loader_path/Frameworks";
				PRODUCT_BUNDLE_IDENTIFIER = com.example.FoodTrackerTests;
				PRODUCT_NAME = "$(TARGET_NAME)";
				SWIFT_VERSION = 4.0;
				TARGETED_DEVICE_FAMILY = "1,2";
				TEST_HOST = "$(BUILT_PRODUCTS_DIR)/FoodTracker.app/FoodTracker";
			};
			name = Release;
		};
/* End XCBuildConfiguration section */

/* Begin XCConfigurationList section */
		456A4FDC1FBD413000D5678C /* Build configuration list for PBXProject "FoodTracker" */ = {
			isa = XCConfigurationList;
			buildConfigurations = (
				456A4FFC1FBD413000D5678C /* Debug */,
				456A4FFD1FBD413000D5678C /* Release */,
			);
			defaultConfigurationIsVisible = 0;
			defaultConfigurationName = Release;
		};
		456A4FFE1FBD413000D5678C /* Build configuration list for PBXNativeTarget "FoodTracker" */ = {
			isa = XCConfigurationList;
			buildConfigurations = (
				456A4FFF1FBD413000D5678C /* Debug */,
				456A50001FBD413000D5678C /* Release */,
			);
			defaultConfigurationIsVisible = 0;
			defaultConfigurationName = Release;
		};
		456A50011FBD413000D5678C /* Build configuration list for PBXNativeTarget "FoodTrackerTests" */ = {
			isa = XCConfigurationList;
			buildConfigurations = (
				456A50021FBD413000D5678C /* Debug */,
				456A50031FBD413000D5678C /* Release */,
			);
			defaultConfigurationIsVisible = 0;
			defaultConfigurationName = Release;
		};
/* End XCConfigurationList section */
	};
	rootObject = 456A4FD91FBD413000D5678C /* Project object */;
}
